
Microsoft Visual Studio Solution File, Format Version 12.00
# Visual Studio 14
VisualStudioVersion = 14.0.24720.0
MinimumVisualStudioVersion = 10.0.40219.1
Project("{8BC9CEB8-8B4A-11D0-8D11-00A0C91BC942}") = "Super8_jitcore", "Super8_jitcore\Super8_jitcore.vcxproj", "{EF59A246-7BA3-4464-A17B-856AB6EF0F0D}"
EndProject
Global
	GlobalSection(SolutionConfigurationPlatforms) = preSolution
		Normal|x86 = Normal|x86
		Speed Optimised|x86 = Speed Optimised|x86
	EndGlobalSection
	GlobalSection(ProjectConfigurationPlatforms) = postSolution
		{EF59A246-7BA3-4464-A17B-856AB6EF0F0D}.Normal|x86.ActiveCfg = Normal|Win32
		{EF59A246-7BA3-4464-A17B-856AB6EF0F0D}.Normal|x86.Build.0 = Normal|Win32
		{EF59A246-7BA3-4464-A17B-856AB6EF0F0D}.Speed Optimised|x86.ActiveCfg = Speed Optimised|Win32
		{EF59A246-7BA3-4464-A17B-856AB6EF0F0D}.Speed Optimised|x86.Build.0 = Speed Optimised|Win32
	EndGlobalSection
	GlobalSection(SolutionProperties) = preSolution
		HideSolutionNode = FALSE
	EndGlobalSection
EndGlobal
